// !$*UTF8*$!
{
	archiveVersion = 1;
	classes = {
	};
	objectVersion = 55;
	objects = {

/* Begin PBXBuildFile section */
		0B764CBA2870ABFB001C3A1D /* My_TeslaApp.swift in Sources */ = {isa = PBXBuildFile; fileRef = 0B764CB92870ABFB001C3A1D /* My_TeslaApp.swift */; };
		0B764CBC2870ABFB001C3A1D /* ContentView.swift in Sources */ = {isa = PBXBuildFile; fileRef = 0B764CBB2870ABFB001C3A1D /* ContentView.swift */; };
		0B764CBE2870AC00001C3A1D /* Assets.xcassets in Resources */ = {isa = PBXBuildFile; fileRef = 0B764CBD2870AC00001C3A1D /* Assets.xcassets */; };
		0B764CC12870AC00001C3A1D /* Preview Assets.xcassets in Resources */ = {isa = PBXBuildFile; fileRef = 0B764CC02870AC00001C3A1D /* Preview Assets.xcassets */; };
		0B764CCA2870AE57001C3A1D /* VoiceCommandButtonView.swift in Sources */ = {isa = PBXBuildFile; fileRef = 0B764CC92870AE57001C3A1D /* VoiceCommandButtonView.swift */; };
		0B764CCC2870B032001C3A1D /* HomeHeaderView.swift in Sources */ = {isa = PBXBuildFile; fileRef = 0B764CCB2870B032001C3A1D /* HomeHeaderView.swift */; };
		0B764CD02870B5DA001C3A1D /* GeneralButton.swift in Sources */ = {isa = PBXBuildFile; fileRef = 0B764CCF2870B5DA001C3A1D /* GeneralButton.swift */; };
		0B764CD42870B713001C3A1D /* CarSection.swift in Sources */ = {isa = PBXBuildFile; fileRef = 0B764CD32870B713001C3A1D /* CarSection.swift */; };
/* End PBXBuildFile section */

/* Begin PBXFileReference section */
		0B764CB62870ABFB001C3A1D /* My-Tesla.app */ = {isa = PBXFileReference; explicitFileType = wrapper.application; includeInIndex = 0; path = "My-Tesla.app"; sourceTree = BUILT_PRODUCTS_DIR; };
		0B764CB92870ABFB001C3A1D /* My_TeslaApp.swift */ = {isa = PBXFileReference; lastKnownFileType = sourcecode.swift; path = My_TeslaApp.swift; sourceTree = "<group>"; };
		0B764CBB2870ABFB001C3A1D /* ContentView.swift */ = {isa = PBXFileReference; lastKnownFileType = sourcecode.swift; path = ContentView.swift; sourceTree = "<group>"; };
		0B764CBD2870AC00001C3A1D /* Assets.xcassets */ = {isa = PBXFileReference; lastKnownFileType = folder.assetcatalog; path = Assets.xcassets; sourceTree = "<group>"; };
		0B764CC02870AC00001C3A1D /* Preview Assets.xcassets */ = {isa = PBXFileReference; lastKnownFileType = folder.assetcatalog; path = "Preview Assets.xcassets"; sourceTree = "<group>"; };
		0B764CC92870AE57001C3A1D /* VoiceCommandButtonView.swift */ = {isa = PBXFileReference; lastKnownFileType = sourcecode.swift; path = VoiceCommandButtonView.swift; sourceTree = "<group>"; };
		0B764CCB2870B032001C3A1D /* HomeHeaderView.swift */ = {isa = PBXFileReference; lastKnownFileType = sourcecode.swift; path = HomeHeaderView.swift; sourceTree = "<group>"; };
		0B764CCF2870B5DA001C3A1D /* GeneralButton.swift */ = {isa = PBXFileReference; lastKnownFileType = sourcecode.swift; path = GeneralButton.swift; sourceTree = "<group>"; };
		0B764CD32870B713001C3A1D /* CarSection.swift */ = {isa = PBXFileReference; lastKnownFileType = sourcecode.swift; path = CarSection.swift; sourceTree = "<group>"; };
/* End PBXFileReference section */

/* Begin PBXFrameworksBuildPhase section */
		0B764CB32870ABFB001C3A1D /* Frameworks */ = {
			isa = PBXFrameworksBuildPhase;
			buildActionMask = 2147483647;
			files = (
			);
			runOnlyForDeploymentPostprocessing = 0;
		};
/* End PBXFrameworksBuildPhase section */

/* Begin PBXGroup section */
		0B764CAD2870ABFB001C3A1D = {
			isa = PBXGroup;
			children = (
				0B764CB82870ABFB001C3A1D /* My-Tesla */,
				0B764CB72870ABFB001C3A1D /* Products */,
			);
			sourceTree = "<group>";
		};
		0B764CB72870ABFB001C3A1D /* Products */ = {
			isa = PBXGroup;
			children = (
				0B764CB62870ABFB001C3A1D /* My-Tesla.app */,
			);
			name = Products;
			sourceTree = "<group>";
		};
		0B764CB82870ABFB001C3A1D /* My-Tesla */ = {
			isa = PBXGroup;
			children = (
				0B764CC72870AE3D001C3A1D /* Views */,
				0B764CB92870ABFB001C3A1D /* My_TeslaApp.swift */,
				0B764CBB2870ABFB001C3A1D /* ContentView.swift */,
				0B764CBD2870AC00001C3A1D /* Assets.xcassets */,
				0B764CBF2870AC00001C3A1D /* Preview Content */,
			);
			path = "My-Tesla";
			sourceTree = "<group>";
		};
		0B764CBF2870AC00001C3A1D /* Preview Content */ = {
			isa = PBXGroup;
			children = (
				0B764CC02870AC00001C3A1D /* Preview Assets.xcassets */,
			);
			path = "Preview Content";
			sourceTree = "<group>";
		};
		0B764CC72870AE3D001C3A1D /* Views */ = {
			isa = PBXGroup;
			children = (
				0B764CC82870AE46001C3A1D /* Component */,
			);
			path = Views;
			sourceTree = "<group>";
		};
		0B764CC82870AE46001C3A1D /* Component */ = {
			isa = PBXGroup;
			children = (
				0B764CC92870AE57001C3A1D /* VoiceCommandButtonView.swift */,
				0B764CCB2870B032001C3A1D /* HomeHeaderView.swift */,
				0B764CCF2870B5DA001C3A1D /* GeneralButton.swift */,
				0B764CD32870B713001C3A1D /* CarSection.swift */,
			);
			path = Component;
			sourceTree = "<group>";
		};
/* End PBXGroup section */

/* Begin PBXNativeTarget section */
		0B764CB52870ABFB001C3A1D /* My-Tesla */ = {
			isa = PBXNativeTarget;
			buildConfigurationList = 0B764CC42870AC00001C3A1D /* Build configuration list for PBXNativeTarget "My-Tesla" */;
			buildPhases = (
				0B764CB22870ABFB001C3A1D /* Sources */,
				0B764CB32870ABFB001C3A1D /* Frameworks */,
				0B764CB42870ABFB001C3A1D /* Resources */,
			);
			buildRules = (
			);
			dependencies = (
			);
			name = "My-Tesla";
			productName = "My-Tesla";
			productReference = 0B764CB62870ABFB001C3A1D /* My-Tesla.app */;
			productType = "com.apple.product-type.application";
		};
/* End PBXNativeTarget section */

/* Begin PBXProject section */
		0B764CAE2870ABFB001C3A1D /* Project object */ = {
			isa = PBXProject;
			attributes = {
				BuildIndependentTargetsInParallel = 1;
				LastSwiftUpdateCheck = 1330;
				LastUpgradeCheck = 1330;
				TargetAttributes = {
					0B764CB52870ABFB001C3A1D = {
						CreatedOnToolsVersion = 13.3.1;
					};
				};
			};
			buildConfigurationList = 0B764CB12870ABFB001C3A1D /* Build configuration list for PBXProject "My-Tesla" */;
			compatibilityVersion = "Xcode 13.0";
			developmentRegion = en;
			hasScannedForEncodings = 0;
			knownRegions = (
				en,
				Base,
			);
			mainGroup = 0B764CAD2870ABFB001C3A1D;
			productRefGroup = 0B764CB72870ABFB001C3A1D /* Products */;
			projectDirPath = "";
			projectRoot = "";
			targets = (
				0B764CB52870ABFB001C3A1D /* My-Tesla */,
			);
		};
/* End PBXProject section */

/* Begin PBXResourcesBuildPhase section */
		0B764CB42870ABFB001C3A1D /* Resources */ = {
			isa = PBXResourcesBuildPhase;
			buildActionMask = 2147483647;
			files = (
				0B764CC12870AC00001C3A1D /* Preview Assets.xcassets in Resources */,
				0B764CBE2870AC00001C3A1D /* Assets.xcassets in Resources */,
			);
			runOnlyForDeploymentPostprocessing = 0;
		};
/* End PBXResourcesBuildPhase section */

/* Begin PBXSourcesBuildPhase section */
		0B764CB22870ABFB001C3A1D /* Sources */ = {
			isa = PBXSourcesBuildPhase;
			buildActionMask = 2147483647;
			files = (
				0B764CCC2870B032001C3A1D /* HomeHeaderView.swift in Sources */,
				0B764CD02870B5DA001C3A1D /* GeneralButton.swift in Sources */,
				0B764CBC2870ABFB001C3A1D /* ContentView.swift in Sources */,
				0B764CBA2870ABFB001C3A1D /* My_TeslaApp.swift in Sources */,
				0B764CD42870B713001C3A1D /* CarSection.swift in Sources */,
				0B764CCA2870AE57001C3A1D /* VoiceCommandButtonView.swift in Sources */,
			);
			runOnlyForDeploymentPostprocessing = 0;
		};
/* End PBXSourcesBuildPhase section */

/* Begin XCBuildConfiguration section */
		0B764CC22870AC00001C3A1D /* Debug */ = {
			isa = XCBuildConfiguration;
			buildSettings = {
				ALWAYS_SEARCH_USER_PATHS = NO;
				CLANG_ANALYZER_NONNULL = YES;
				CLANG_ANALYZER_NUMBER_OBJECT_CONVERSION = YES_AGGRESSIVE;
				CLANG_CXX_LANGUAGE_STANDARD = "gnu++17";
				CLANG_ENABLE_MODULES = YES;
				CLANG_ENABLE_OBJC_ARC = YES;
				CLANG_ENABLE_OBJC_WEAK = YES;
				CLANG_WARN_BLOCK_CAPTURE_AUTORELEASING = YES;
				CLANG_WARN_BOOL_CONVERSION = YES;
				CLANG_WARN_COMMA = YES;
				CLANG_WARN_CONSTANT_CONVERSION = YES;
				CLANG_WARN_DEPRECATED_OBJC_IMPLEMENTATIONS = YES;
				CLANG_WARN_DIRECT_OBJC_ISA_USAGE = YES_ERROR;
				CLANG_WARN_DOCUMENTATION_COMMENTS = YES;
				CLANG_WARN_EMPTY_BODY = YES;
				CLANG_WARN_ENUM_CONVERSION = YES;
				CLANG_WARN_INFINITE_RECURSION = YES;
				CLANG_WARN_INT_CONVERSION = YES;
				CLANG_WARN_NON_LITERAL_NULL_CONVERSION = YES;
				CLANG_WARN_OBJC_IMPLICIT_RETAIN_SELF = YES;
				CLANG_WARN_OBJC_LITERAL_CONVERSION = YES;
				CLANG_WARN_OBJC_ROOT_CLASS = YES_ERROR;
				CLANG_WARN_QUOTED_INCLUDE_IN_FRAMEWORK_HEADER = YES;
				CLANG_WARN_RANGE_LOOP_ANALYSIS = YES;
				CLANG_WARN_STRICT_PROTOTYPES = YES;
				CLANG_WARN_SUSPICIOUS_MOVE = YES;
				CLANG_WARN_UNGUARDED_AVAILABILITY = YES_AGGRESSIVE;
				CLANG_WARN_UNREACHABLE_CODE = YES;
				CLANG_WARN__DUPLICATE_METHOD_MATCH = YES;
				COPY_PHASE_STRIP = NO;
				DEBUG_INFORMATION_FORMAT = dwarf;
				ENABLE_STRICT_OBJC_MSGSEND = YES;
				ENABLE_TESTABILITY = YES;
				GCC_C_LANGUAGE_STANDARD = gnu11;
				GCC_DYNAMIC_NO_PIC = NO;
				GCC_NO_COMMON_BLOCKS = YES;
				GCC_OPTIMIZATION_LEVEL = 0;
				GCC_PREPROCESSOR_DEFINITIONS = (
					"DEBUG=1",
					"$(inherited)",
				);
				GCC_WARN_64_TO_32_BIT_CONVERSION = YES;
				GCC_WARN_ABOUT_RETURN_TYPE = YES_ERROR;
				GCC_WARN_UNDECLARED_SELECTOR = YES;
				GCC_WARN_UNINITIALIZED_AUTOS = YES_AGGRESSIVE;
				GCC_WARN_UNUSED_FUNCTION = YES;
				GCC_WARN_UNUSED_VARIABLE = YES;
				IPHONEOS_DEPLOYMENT_TARGET = 15.4;
				MTL_ENABLE_DEBUG_INFO = INCLUDE_SOURCE;
				MTL_FAST_MATH = YES;
				ONLY_ACTIVE_ARCH = YES;
				SDKROOT = iphoneos;
				SWIFT_ACTIVE_COMPILATION_CONDITIONS = DEBUG;
				SWIFT_OPTIMIZATION_LEVEL = "-Onone";
			};
			name = Debug;
		};
		0B764CC32870AC00001C3A1D /* Release */ = {
			isa = XCBuildConfiguration;
			buildSettings = {
				ALWAYS_SEARCH_USER_PATHS = NO;
				CLANG_ANALYZER_NONNULL = YES;
				CLANG_ANALYZER_NUMBER_OBJECT_CONVERSION = YES_AGGRESSIVE;
				CLANG_CXX_LANGUAGE_STANDARD = "gnu++17";
				CLANG_ENABLE_MODULES = YES;
				CLANG_ENABLE_OBJC_ARC = YES;
				CLANG_ENABLE_OBJC_WEAK = YES;
				CLANG_WARN_BLOCK_CAPTURE_AUTORELEASING = YES;
				CLANG_WARN_BOOL_CONVERSION = YES;
				CLANG_WARN_COMMA = YES;
				CLANG_WARN_CONSTANT_CONVERSION = YES;
				CLANG_WARN_DEPRECATED_OBJC_IMPLEMENTATIONS = YES;
				CLANG_WARN_DIRECT_OBJC_ISA_USAGE = YES_ERROR;
				CLANG_WARN_DOCUMENTATION_COMMENTS = YES;
				CLANG_WARN_EMPTY_BODY = YES;
				CLANG_WARN_ENUM_CONVERSION = YES;
				CLANG_WARN_INFINITE_RECURSION = YES;
				CLANG_WARN_INT_CONVERSION = YES;
				CLANG_WARN_NON_LITERAL_NULL_CONVERSION = YES;
				CLANG_WARN_OBJC_IMPLICIT_RETAIN_SELF = YES;
				CLANG_WARN_OBJC_LITERAL_CONVERSION = YES;
				CLANG_WARN_OBJC_ROOT_CLASS = YES_ERROR;
				CLANG_WARN_QUOTED_INCLUDE_IN_FRAMEWORK_HEADER = YES;
				CLANG_WARN_RANGE_LOOP_ANALYSIS = YES;
				CLANG_WARN_STRICT_PROTOTYPES = YES;
				CLANG_WARN_SUSPICIOUS_MOVE = YES;
				CLANG_WARN_UNGUARDED_AVAILABILITY = YES_AGGRESSIVE;
				CLANG_WARN_UNREACHABLE_CODE = YES;
				CLANG_WARN__DUPLICATE_METHOD_MATCH = YES;
				COPY_PHASE_STRIP = NO;
				DEBUG_INFORMATION_FORMAT = "dwarf-with-dsym";
				ENABLE_NS_ASSERTIONS = NO;
				ENABLE_STRICT_OBJC_MSGSEND = YES;
				GCC_C_LANGUAGE_STANDARD = gnu11;
				GCC_NO_COMMON_BLOCKS = YES;
				GCC_WARN_64_TO_32_BIT_CONVERSION = YES;
				GCC_WARN_ABOUT_RETURN_TYPE = YES_ERROR;
				GCC_WARN_UNDECLARED_SELECTOR = YES;
				GCC_WARN_UNINITIALIZED_AUTOS = YES_AGGRESSIVE;
				GCC_WARN_UNUSED_FUNCTION = YES;
				GCC_WARN_UNUSED_VARIABLE = YES;
				IPHONEOS_DEPLOYMENT_TARGET = 15.4;
				MTL_ENABLE_DEBUG_INFO = NO;
				MTL_FAST_MATH = YES;
				SDKROOT = iphoneos;
				SWIFT_COMPILATION_MODE = wholemodule;
				SWIFT_OPTIMIZATION_LEVEL = "-O";
				VALIDATE_PRODUCT = YES;
			};
			name = Release;
		};
		0B764CC52870AC00001C3A1D /* Debug */ = {
			isa = XCBuildConfiguration;
			buildSettings = {
				ASSETCATALOG_COMPILER_APPICON_NAME = AppIcon;
				ASSETCATALOG_COMPILER_GLOBAL_ACCENT_COLOR_NAME = AccentColor;
				CODE_SIGN_STYLE = Automatic;
				CURRENT_PROJECT_VERSION = 1;
				DEVELOPMENT_ASSET_PATHS = "\"My-Tesla/Preview Content\"";
				ENABLE_PREVIEWS = YES;
				GENERATE_INFOPLIST_FILE = YES;
				INFOPLIST_KEY_UIApplicationSceneManifest_Generation = YES;
				INFOPLIST_KEY_UIApplicationSupportsIndirectInputEvents = YES;
				INFOPLIST_KEY_UILaunchScreen_Generation = YES;
				INFOPLIST_KEY_UISupportedInterfaceOrientations_iPad = "UIInterfaceOrientationPortrait UIInterfaceOrientationPortraitUpsideDown UIInterfaceOrientationLandscapeLeft UIInterfaceOrientationLandscapeRight";
				INFOPLIST_KEY_UISupportedInterfaceOrientations_iPhone = "UIInterfaceOrientationPortrait UIInterfaceOrientationLandscapeLeft UIInterfaceOrientationLandscapeRight";
				LD_RUNPATH_SEARCH_PATHS = (
					"$(inherited)",
					"@executable_path/Frameworks",
				);
				MARKETING_VERSION = 1.0;
				PRODUCT_BUNDLE_IDENTIFIER = "dalveersingh.My-Tesla";
				PRODUCT_NAME = "$(TARGET_NAME)";
				SWIFT_EMIT_LOC_STRINGS = YES;
				SWIFT_VERSION = 5.0;
				TARGETED_DEVICE_FAMILY = "1,2";
			};
			name = Debug;
		};
		0B764CC62870AC00001C3A1D /* Release */ = {
			isa = XCBuildConfiguration;
			buildSettings = {
				ASSETCATALOG_COMPILER_APPICON_NAME = AppIcon;
				ASSETCATALOG_COMPILER_GLOBAL_ACCENT_COLOR_NAME = AccentColor;
				CODE_SIGN_STYLE = Automatic;
				CURRENT_PROJECT_VERSION = 1;
				DEVELOPMENT_ASSET_PATHS = "\"My-Tesla/Preview Content\"";
				ENABLE_PREVIEWS = YES;
				GENERATE_INFOPLIST_FILE = YES;
				INFOPLIST_KEY_UIApplicationSceneManifest_Generation = YES;
				INFOPLIST_KEY_UIApplicationSupportsIndirectInputEvents = YES;
				INFOPLIST_KEY_UILaunchScreen_Generation = YES;
				INFOPLIST_KEY_UISupportedInterfaceOrientations_iPad = "UIInterfaceOrientationPortrait UIInterfaceOrientationPortraitUpsideDown UIInterfaceOrientationLandscapeLeft UIInterfaceOrientationLandscapeRight";
				INFOPLIST_KEY_UISupportedInterfaceOrientations_iPhone = "UIInterfaceOrientationPortrait UIInterfaceOrientationLandscapeLeft UIInterfaceOrientationLandscapeRight";
				LD_RUNPATH_SEARCH_PATHS = (
					"$(inherited)",
					"@executable_path/Frameworks",
				);
				MARKETING_VERSION = 1.0;
				PRODUCT_BUNDLE_IDENTIFIER = "dalveersingh.My-Tesla";
				PRODUCT_NAME = "$(TARGET_NAME)";
				SWIFT_EMIT_LOC_STRINGS = YES;
				SWIFT_VERSION = 5.0;
				TARGETED_DEVICE_FAMILY = "1,2";
			};
			name = Release;
		};
/* End XCBuildConfiguration section */

/* Begin XCConfigurationList section */
		0B764CB12870ABFB001C3A1D /* Build configuration list for PBXProject "My-Tesla" */ = {
			isa = XCConfigurationList;
			buildConfigurations = (
				0B764CC22870AC00001C3A1D /* Debug */,
				0B764CC32870AC00001C3A1D /* Release */,
			);
			defaultConfigurationIsVisible = 0;
			defaultConfigurationName = Release;
		};
		0B764CC42870AC00001C3A1D /* Build configuration list for PBXNativeTarget "My-Tesla" */ = {
			isa = XCConfigurationList;
			buildConfigurations = (
				0B764CC52870AC00001C3A1D /* Debug */,
				0B764CC62870AC00001C3A1D /* Release */,
			);
			defaultConfigurationIsVisible = 0;
			defaultConfigurationName = Release;
		};
/* End XCConfigurationList section */
	};
	rootObject = 0B764CAE2870ABFB001C3A1D /* Project object */;
}
